
Microsoft Visual Studio Solution File, Format Version 12.00
# Visual Studio 2013
VisualStudioVersion = 12.0.21005.1
MinimumVisualStudioVersion = 10.0.40219.1
Project("{FAE04EC0-301F-11D3-BF4B-00C04F79EFBC}") = "MessageTypes", "MessageTypes\MessageTypes.csproj", "{A8A6F0C4-5BFA-4EB7-B85D-6A02AAD99BE9}"
EndProject
Project("{00D1A9C2-B5F0-4AF3-8072-F6C62B433612}") = "Joblistesystem", "Joblistesystem\Joblistesystem.sqlproj", "{A3C3E6D7-C12E-47AF-974C-C4B429A09C68}"
EndProject
Project("{FAE04EC0-301F-11D3-BF4B-00C04F79EFBC}") = "GUI_first_iteration", "GUI_first_iteration\GUI_first_iteration.csproj", "{009D5240-40B2-4228-8E2C-FE83D3581B8A}"
EndProject
Project("{FAE04EC0-301F-11D3-BF4B-00C04F79EFBC}") = "DatabaseInterface", "DatabaseInterface\DatabaseInterface.csproj", "{1E63CE71-CB6D-4FB9-9D15-03AF62821CD3}"
EndProject
Project("{FAE04EC0-301F-11D3-BF4B-00C04F79EFBC}") = "ClientApplication", "ConsoleApplication1\ClientApplication.csproj", "{7B5E762B-F442-4FFE-A5C4-F41A16699FCF}"
EndProject
Project("{FAE04EC0-301F-11D3-BF4B-00C04F79EFBC}") = "ClientApplication.Test", "ClientApplication.Test\ClientApplication.Test.csproj", "{C9FA5A71-A776-48BD-B9E4-3AB1124A5412}"
EndProject
Project("{FAE04EC0-301F-11D3-BF4B-00C04F79EFBC}") = "ServerApplication_V2.0", "ServerApplication_V2.0\ServerApplication_V2.0.csproj", "{1758070C-954A-4173-B2D9-917FC7AE4F96}"
EndProject
Project("{FAE04EC0-301F-11D3-BF4B-00C04F79EFBC}") = "ServerApplication.UnitTest", "ServerApplication.UnitTest\ServerApplication.UnitTest.csproj", "{570D1774-3080-4064-BA7C-35014636AE21}"
EndProject
Project("{FAE04EC0-301F-11D3-BF4B-00C04F79EFBC}") = "WebApplication", "WebApplication\WebApplication.csproj", "{BD1839E7-E44A-4260-A94D-569332E38A67}"
EndProject
Global
	GlobalSection(SolutionConfigurationPlatforms) = preSolution
		Debug|Any CPU = Debug|Any CPU
		Release|Any CPU = Release|Any CPU
	EndGlobalSection
	GlobalSection(ProjectConfigurationPlatforms) = postSolution
		{A8A6F0C4-5BFA-4EB7-B85D-6A02AAD99BE9}.Debug|Any CPU.ActiveCfg = Debug|Any CPU
		{A8A6F0C4-5BFA-4EB7-B85D-6A02AAD99BE9}.Debug|Any CPU.Build.0 = Debug|Any CPU
		{A8A6F0C4-5BFA-4EB7-B85D-6A02AAD99BE9}.Release|Any CPU.ActiveCfg = Release|Any CPU
		{A8A6F0C4-5BFA-4EB7-B85D-6A02AAD99BE9}.Release|Any CPU.Build.0 = Release|Any CPU
		{A3C3E6D7-C12E-47AF-974C-C4B429A09C68}.Debug|Any CPU.ActiveCfg = Debug|Any CPU
		{A3C3E6D7-C12E-47AF-974C-C4B429A09C68}.Debug|Any CPU.Build.0 = Debug|Any CPU
		{A3C3E6D7-C12E-47AF-974C-C4B429A09C68}.Debug|Any CPU.Deploy.0 = Debug|Any CPU
		{A3C3E6D7-C12E-47AF-974C-C4B429A09C68}.Release|Any CPU.ActiveCfg = Release|Any CPU
		{A3C3E6D7-C12E-47AF-974C-C4B429A09C68}.Release|Any CPU.Build.0 = Release|Any CPU
		{A3C3E6D7-C12E-47AF-974C-C4B429A09C68}.Release|Any CPU.Deploy.0 = Release|Any CPU
		{009D5240-40B2-4228-8E2C-FE83D3581B8A}.Debug|Any CPU.ActiveCfg = Debug|Any CPU
		{009D5240-40B2-4228-8E2C-FE83D3581B8A}.Debug|Any CPU.Build.0 = Debug|Any CPU
		{009D5240-40B2-4228-8E2C-FE83D3581B8A}.Release|Any CPU.ActiveCfg = Release|Any CPU
		{009D5240-40B2-4228-8E2C-FE83D3581B8A}.Release|Any CPU.Build.0 = Release|Any CPU
		{1E63CE71-CB6D-4FB9-9D15-03AF62821CD3}.Debug|Any CPU.ActiveCfg = Debug|Any CPU
		{1E63CE71-CB6D-4FB9-9D15-03AF62821CD3}.Debug|Any CPU.Build.0 = Debug|Any CPU
		{1E63CE71-CB6D-4FB9-9D15-03AF62821CD3}.Release|Any CPU.ActiveCfg = Release|Any CPU
		{1E63CE71-CB6D-4FB9-9D15-03AF62821CD3}.Release|Any CPU.Build.0 = Release|Any CPU
		{7B5E762B-F442-4FFE-A5C4-F41A16699FCF}.Debug|Any CPU.ActiveCfg = Debug|Any CPU
		{7B5E762B-F442-4FFE-A5C4-F41A16699FCF}.Debug|Any CPU.Build.0 = Debug|Any CPU
		{7B5E762B-F442-4FFE-A5C4-F41A16699FCF}.Release|Any CPU.ActiveCfg = Release|Any CPU
		{7B5E762B-F442-4FFE-A5C4-F41A16699FCF}.Release|Any CPU.Build.0 = Release|Any CPU
		{C9FA5A71-A776-48BD-B9E4-3AB1124A5412}.Debug|Any CPU.ActiveCfg = Debug|Any CPU
		{C9FA5A71-A776-48BD-B9E4-3AB1124A5412}.Debug|Any CPU.Build.0 = Debug|Any CPU
		{C9FA5A71-A776-48BD-B9E4-3AB1124A5412}.Release|Any CPU.ActiveCfg = Release|Any CPU
		{C9FA5A71-A776-48BD-B9E4-3AB1124A5412}.Release|Any CPU.Build.0 = Release|Any CPU
		{1758070C-954A-4173-B2D9-917FC7AE4F96}.Debug|Any CPU.ActiveCfg = Debug|Any CPU
		{1758070C-954A-4173-B2D9-917FC7AE4F96}.Debug|Any CPU.Build.0 = Debug|Any CPU
		{1758070C-954A-4173-B2D9-917FC7AE4F96}.Release|Any CPU.ActiveCfg = Release|Any CPU
		{1758070C-954A-4173-B2D9-917FC7AE4F96}.Release|Any CPU.Build.0 = Release|Any CPU
		{570D1774-3080-4064-BA7C-35014636AE21}.Debug|Any CPU.ActiveCfg = Debug|Any CPU
		{570D1774-3080-4064-BA7C-35014636AE21}.Debug|Any CPU.Build.0 = Debug|Any CPU
		{570D1774-3080-4064-BA7C-35014636AE21}.Release|Any CPU.ActiveCfg = Release|Any CPU
		{570D1774-3080-4064-BA7C-35014636AE21}.Release|Any CPU.Build.0 = Release|Any CPU
		{BD1839E7-E44A-4260-A94D-569332E38A67}.Debug|Any CPU.ActiveCfg = Debug|Any CPU
		{BD1839E7-E44A-4260-A94D-569332E38A67}.Debug|Any CPU.Build.0 = Debug|Any CPU
		{BD1839E7-E44A-4260-A94D-569332E38A67}.Release|Any CPU.ActiveCfg = Release|Any CPU
		{BD1839E7-E44A-4260-A94D-569332E38A67}.Release|Any CPU.Build.0 = Release|Any CPU
	EndGlobalSection
	GlobalSection(SolutionProperties) = preSolution
		HideSolutionNode = FALSE
	EndGlobalSection
EndGlobal
